// !$*UTF8*$!
{
	archiveVersion = 1;
	classes = {
	};
	objectVersion = 51;
	objects = {

/* Begin PBXBuildFile section */
		D05E4A1824EAF5E7000C4368 /* Model.xcdatamodeld in Sources */ = {isa = PBXBuildFile; fileRef = D05E4A1624EAF5E7000C4368 /* Model.xcdatamodeld */; };
		D05E4A1A24EAF6EB000C4368 /* coreDataManager.swift in Sources */ = {isa = PBXBuildFile; fileRef = D05E4A1924EAF6EB000C4368 /* coreDataManager.swift */; };
		D05E4A4124EAFB9B000C4368 /* createAccountPresenter.swift in Sources */ = {isa = PBXBuildFile; fileRef = D05E4A3824EAFB9A000C4368 /* createAccountPresenter.swift */; };
		D05E4A4224EAFB9B000C4368 /* createAccountWireFrame.swift in Sources */ = {isa = PBXBuildFile; fileRef = D05E4A3A24EAFB9B000C4368 /* createAccountWireFrame.swift */; };
		D05E4A4324EAFB9B000C4368 /* createAccountView.swift in Sources */ = {isa = PBXBuildFile; fileRef = D05E4A3C24EAFB9B000C4368 /* createAccountView.swift */; };
		D05E4A4424EAFB9B000C4368 /* createAccountProtocols.swift in Sources */ = {isa = PBXBuildFile; fileRef = D05E4A3E24EAFB9B000C4368 /* createAccountProtocols.swift */; };
		D05E4A4524EAFB9B000C4368 /* createAccountInteractor.swift in Sources */ = {isa = PBXBuildFile; fileRef = D05E4A4024EAFB9B000C4368 /* createAccountInteractor.swift */; };
		D05E4A4924EAFD71000C4368 /* createAccount.storyboard in Resources */ = {isa = PBXBuildFile; fileRef = D05E4A4824EAFD71000C4368 /* createAccount.storyboard */; };
		D05E4A5524EC432D000C4368 /* LoginPresenter.swift in Sources */ = {isa = PBXBuildFile; fileRef = D05E4A4C24EC432D000C4368 /* LoginPresenter.swift */; };
		D05E4A5624EC432D000C4368 /* LoginWireFrame.swift in Sources */ = {isa = PBXBuildFile; fileRef = D05E4A4E24EC432D000C4368 /* LoginWireFrame.swift */; };
		D05E4A5724EC432D000C4368 /* LoginView.swift in Sources */ = {isa = PBXBuildFile; fileRef = D05E4A5024EC432D000C4368 /* LoginView.swift */; };
		D05E4A5824EC432D000C4368 /* LoginProtocols.swift in Sources */ = {isa = PBXBuildFile; fileRef = D05E4A5224EC432D000C4368 /* LoginProtocols.swift */; };
		D05E4A5924EC432D000C4368 /* LoginInteractor.swift in Sources */ = {isa = PBXBuildFile; fileRef = D05E4A5424EC432D000C4368 /* LoginInteractor.swift */; };
		D05E4A5B24EC4349000C4368 /* login.storyboard in Resources */ = {isa = PBXBuildFile; fileRef = D05E4A5A24EC4349000C4368 /* login.storyboard */; };
		D06E4E2924C9D8CF0059F6E2 /* AppDelegate.swift in Sources */ = {isa = PBXBuildFile; fileRef = D06E4E2824C9D8CF0059F6E2 /* AppDelegate.swift */; };
		D06E4E2B24C9D8CF0059F6E2 /* SceneDelegate.swift in Sources */ = {isa = PBXBuildFile; fileRef = D06E4E2A24C9D8CF0059F6E2 /* SceneDelegate.swift */; };
		D06E4E2D24C9D8CF0059F6E2 /* ViewController.swift in Sources */ = {isa = PBXBuildFile; fileRef = D06E4E2C24C9D8CF0059F6E2 /* ViewController.swift */; };
		D06E4E3024C9D8CF0059F6E2 /* Main.storyboard in Resources */ = {isa = PBXBuildFile; fileRef = D06E4E2E24C9D8CF0059F6E2 /* Main.storyboard */; };
		D06E4E3224C9D8D70059F6E2 /* Assets.xcassets in Resources */ = {isa = PBXBuildFile; fileRef = D06E4E3124C9D8D70059F6E2 /* Assets.xcassets */; };
		D06E4E3524C9D8D70059F6E2 /* LaunchScreen.storyboard in Resources */ = {isa = PBXBuildFile; fileRef = D06E4E3324C9D8D70059F6E2 /* LaunchScreen.storyboard */; };
		D06E4E4124C9DB9B0059F6E2 /* CountryCell.swift in Sources */ = {isa = PBXBuildFile; fileRef = D06E4E3F24C9DB9B0059F6E2 /* CountryCell.swift */; };
		D06E4E4224C9DB9B0059F6E2 /* CountryCell.xib in Resources */ = {isa = PBXBuildFile; fileRef = D06E4E4024C9DB9B0059F6E2 /* CountryCell.xib */; };
		D0C6F73524ED7C7D00CCF84B /* countryServicePresenter.swift in Sources */ = {isa = PBXBuildFile; fileRef = D0C6F72C24ED7C7C00CCF84B /* countryServicePresenter.swift */; };
		D0C6F73624ED7C7D00CCF84B /* countryServiceWireFrame.swift in Sources */ = {isa = PBXBuildFile; fileRef = D0C6F72E24ED7C7C00CCF84B /* countryServiceWireFrame.swift */; };
		D0C6F73824ED7C7D00CCF84B /* countryServiceProtocols.swift in Sources */ = {isa = PBXBuildFile; fileRef = D0C6F73224ED7C7C00CCF84B /* countryServiceProtocols.swift */; };
		D0C6F73924ED7C7D00CCF84B /* countryServiceInteractor.swift in Sources */ = {isa = PBXBuildFile; fileRef = D0C6F73424ED7C7C00CCF84B /* countryServiceInteractor.swift */; };
		D0C6F73C24ED9DB900CCF84B /* CountryViewController.swift in Sources */ = {isa = PBXBuildFile; fileRef = D0C6F73B24ED9DB900CCF84B /* CountryViewController.swift */; };
		D0C6F73F24EECBE000CCF84B /* consumoServicio.swift in Sources */ = {isa = PBXBuildFile; fileRef = D0C6F73D24EDA0BC00CCF84B /* consumoServicio.swift */; };
		DC37E508F5BC9292F4E7E24D /* Pods_FirstPractice.framework in Frameworks */ = {isa = PBXBuildFile; fileRef = AB5EFA45B75C0A33D8598FCD /* Pods_FirstPractice.framework */; };
/* End PBXBuildFile section */

/* Begin PBXFileReference section */
		79743574F1E4DAAC7982AA59 /* Pods-FirstPractice.debug.xcconfig */ = {isa = PBXFileReference; includeInIndex = 1; lastKnownFileType = text.xcconfig; name = "Pods-FirstPractice.debug.xcconfig"; path = "Target Support Files/Pods-FirstPractice/Pods-FirstPractice.debug.xcconfig"; sourceTree = "<group>"; };
		AB5EFA45B75C0A33D8598FCD /* Pods_FirstPractice.framework */ = {isa = PBXFileReference; explicitFileType = wrapper.framework; includeInIndex = 0; path = Pods_FirstPractice.framework; sourceTree = BUILT_PRODUCTS_DIR; };
		D03F9AF7ED4182B683201E27 /* Pods-FirstPractice.release.xcconfig */ = {isa = PBXFileReference; includeInIndex = 1; lastKnownFileType = text.xcconfig; name = "Pods-FirstPractice.release.xcconfig"; path = "Target Support Files/Pods-FirstPractice/Pods-FirstPractice.release.xcconfig"; sourceTree = "<group>"; };
		D05E4A1724EAF5E7000C4368 /* Model.xcdatamodel */ = {isa = PBXFileReference; lastKnownFileType = wrapper.xcdatamodel; path = Model.xcdatamodel; sourceTree = "<group>"; };
		D05E4A1924EAF6EB000C4368 /* coreDataManager.swift */ = {isa = PBXFileReference; lastKnownFileType = sourcecode.swift; path = coreDataManager.swift; sourceTree = "<group>"; };
		D05E4A3824EAFB9A000C4368 /* createAccountPresenter.swift */ = {isa = PBXFileReference; fileEncoding = 4; lastKnownFileType = sourcecode.swift; path = createAccountPresenter.swift; sourceTree = "<group>"; };
		D05E4A3A24EAFB9B000C4368 /* createAccountWireFrame.swift */ = {isa = PBXFileReference; fileEncoding = 4; lastKnownFileType = sourcecode.swift; path = createAccountWireFrame.swift; sourceTree = "<group>"; };
		D05E4A3C24EAFB9B000C4368 /* createAccountView.swift */ = {isa = PBXFileReference; fileEncoding = 4; lastKnownFileType = sourcecode.swift; path = createAccountView.swift; sourceTree = "<group>"; };
		D05E4A3E24EAFB9B000C4368 /* createAccountProtocols.swift */ = {isa = PBXFileReference; fileEncoding = 4; lastKnownFileType = sourcecode.swift; path = createAccountProtocols.swift; sourceTree = "<group>"; };
		D05E4A4024EAFB9B000C4368 /* createAccountInteractor.swift */ = {isa = PBXFileReference; fileEncoding = 4; lastKnownFileType = sourcecode.swift; path = createAccountInteractor.swift; sourceTree = "<group>"; };
		D05E4A4824EAFD71000C4368 /* createAccount.storyboard */ = {isa = PBXFileReference; lastKnownFileType = file.storyboard; path = createAccount.storyboard; sourceTree = "<group>"; };
		D05E4A4C24EC432D000C4368 /* LoginPresenter.swift */ = {isa = PBXFileReference; fileEncoding = 4; lastKnownFileType = sourcecode.swift; path = LoginPresenter.swift; sourceTree = "<group>"; };
		D05E4A4E24EC432D000C4368 /* LoginWireFrame.swift */ = {isa = PBXFileReference; fileEncoding = 4; lastKnownFileType = sourcecode.swift; path = LoginWireFrame.swift; sourceTree = "<group>"; };
		D05E4A5024EC432D000C4368 /* LoginView.swift */ = {isa = PBXFileReference; fileEncoding = 4; lastKnownFileType = sourcecode.swift; path = LoginView.swift; sourceTree = "<group>"; };
		D05E4A5224EC432D000C4368 /* LoginProtocols.swift */ = {isa = PBXFileReference; fileEncoding = 4; lastKnownFileType = sourcecode.swift; path = LoginProtocols.swift; sourceTree = "<group>"; };
		D05E4A5424EC432D000C4368 /* LoginInteractor.swift */ = {isa = PBXFileReference; fileEncoding = 4; lastKnownFileType = sourcecode.swift; path = LoginInteractor.swift; sourceTree = "<group>"; };
		D05E4A5A24EC4349000C4368 /* login.storyboard */ = {isa = PBXFileReference; lastKnownFileType = file.storyboard; path = login.storyboard; sourceTree = "<group>"; };
		D06E4E2524C9D8CF0059F6E2 /* FirstPractice.app */ = {isa = PBXFileReference; explicitFileType = wrapper.application; includeInIndex = 0; path = FirstPractice.app; sourceTree = BUILT_PRODUCTS_DIR; };
		D06E4E2824C9D8CF0059F6E2 /* AppDelegate.swift */ = {isa = PBXFileReference; lastKnownFileType = sourcecode.swift; path = AppDelegate.swift; sourceTree = "<group>"; };
		D06E4E2A24C9D8CF0059F6E2 /* SceneDelegate.swift */ = {isa = PBXFileReference; lastKnownFileType = sourcecode.swift; path = SceneDelegate.swift; sourceTree = "<group>"; };
		D06E4E2C24C9D8CF0059F6E2 /* ViewController.swift */ = {isa = PBXFileReference; lastKnownFileType = sourcecode.swift; path = ViewController.swift; sourceTree = "<group>"; };
		D06E4E2F24C9D8CF0059F6E2 /* Base */ = {isa = PBXFileReference; lastKnownFileType = file.storyboard; name = Base; path = Base.lproj/Main.storyboard; sourceTree = "<group>"; };
		D06E4E3124C9D8D70059F6E2 /* Assets.xcassets */ = {isa = PBXFileReference; lastKnownFileType = folder.assetcatalog; path = Assets.xcassets; sourceTree = "<group>"; };
		D06E4E3424C9D8D70059F6E2 /* Base */ = {isa = PBXFileReference; lastKnownFileType = file.storyboard; name = Base; path = Base.lproj/LaunchScreen.storyboard; sourceTree = "<group>"; };
		D06E4E3624C9D8D70059F6E2 /* Info.plist */ = {isa = PBXFileReference; lastKnownFileType = text.plist.xml; path = Info.plist; sourceTree = "<group>"; };
		D06E4E3F24C9DB9B0059F6E2 /* CountryCell.swift */ = {isa = PBXFileReference; lastKnownFileType = sourcecode.swift; path = CountryCell.swift; sourceTree = "<group>"; };
		D06E4E4024C9DB9B0059F6E2 /* CountryCell.xib */ = {isa = PBXFileReference; lastKnownFileType = file.xib; path = CountryCell.xib; sourceTree = "<group>"; };
		D0C6F72C24ED7C7C00CCF84B /* countryServicePresenter.swift */ = {isa = PBXFileReference; fileEncoding = 4; lastKnownFileType = sourcecode.swift; path = countryServicePresenter.swift; sourceTree = "<group>"; };
		D0C6F72E24ED7C7C00CCF84B /* countryServiceWireFrame.swift */ = {isa = PBXFileReference; fileEncoding = 4; lastKnownFileType = sourcecode.swift; path = countryServiceWireFrame.swift; sourceTree = "<group>"; };
		D0C6F73224ED7C7C00CCF84B /* countryServiceProtocols.swift */ = {isa = PBXFileReference; fileEncoding = 4; lastKnownFileType = sourcecode.swift; path = countryServiceProtocols.swift; sourceTree = "<group>"; };
		D0C6F73424ED7C7C00CCF84B /* countryServiceInteractor.swift */ = {isa = PBXFileReference; fileEncoding = 4; lastKnownFileType = sourcecode.swift; path = countryServiceInteractor.swift; sourceTree = "<group>"; };
		D0C6F73B24ED9DB900CCF84B /* CountryViewController.swift */ = {isa = PBXFileReference; lastKnownFileType = sourcecode.swift; path = CountryViewController.swift; sourceTree = "<group>"; };
		D0C6F73D24EDA0BC00CCF84B /* consumoServicio.swift */ = {isa = PBXFileReference; lastKnownFileType = sourcecode.swift; path = consumoServicio.swift; sourceTree = "<group>"; };
/* End PBXFileReference section */

/* Begin PBXFrameworksBuildPhase section */
		D06E4E2224C9D8CF0059F6E2 /* Frameworks */ = {
			isa = PBXFrameworksBuildPhase;
			buildActionMask = 2147483647;
			files = (
				DC37E508F5BC9292F4E7E24D /* Pods_FirstPractice.framework in Frameworks */,
			);
			runOnlyForDeploymentPostprocessing = 0;
		};
/* End PBXFrameworksBuildPhase section */

/* Begin PBXGroup section */
		05B8C342FF2B43D042A2E651 /* Frameworks */ = {
			isa = PBXGroup;
			children = (
				AB5EFA45B75C0A33D8598FCD /* Pods_FirstPractice.framework */,
			);
			name = Frameworks;
			sourceTree = "<group>";
		};
		62D36F723079406468559B4A /* Pods */ = {
			isa = PBXGroup;
			children = (
				79743574F1E4DAAC7982AA59 /* Pods-FirstPractice.debug.xcconfig */,
				D03F9AF7ED4182B683201E27 /* Pods-FirstPractice.release.xcconfig */,
			);
			path = Pods;
			sourceTree = "<group>";
		};
		D05E4A3624EAFB9A000C4368 /* createAccount */ = {
			isa = PBXGroup;
			children = (
				D05E4A3724EAFB9A000C4368 /* Presenter */,
				D05E4A3924EAFB9B000C4368 /* WireFrame */,
				D05E4A3B24EAFB9B000C4368 /* View */,
				D05E4A3D24EAFB9B000C4368 /* Protocols */,
				D05E4A3F24EAFB9B000C4368 /* Interactor */,
			);
			path = createAccount;
			sourceTree = "<group>";
		};
		D05E4A3724EAFB9A000C4368 /* Presenter */ = {
			isa = PBXGroup;
			children = (
				D05E4A3824EAFB9A000C4368 /* createAccountPresenter.swift */,
			);
			path = Presenter;
			sourceTree = "<group>";
		};
		D05E4A3924EAFB9B000C4368 /* WireFrame */ = {
			isa = PBXGroup;
			children = (
				D05E4A3A24EAFB9B000C4368 /* createAccountWireFrame.swift */,
			);
			path = WireFrame;
			sourceTree = "<group>";
		};
		D05E4A3B24EAFB9B000C4368 /* View */ = {
			isa = PBXGroup;
			children = (
				D05E4A3C24EAFB9B000C4368 /* createAccountView.swift */,
				D05E4A4824EAFD71000C4368 /* createAccount.storyboard */,
			);
			path = View;
			sourceTree = "<group>";
		};
		D05E4A3D24EAFB9B000C4368 /* Protocols */ = {
			isa = PBXGroup;
			children = (
				D05E4A3E24EAFB9B000C4368 /* createAccountProtocols.swift */,
			);
			path = Protocols;
			sourceTree = "<group>";
		};
		D05E4A3F24EAFB9B000C4368 /* Interactor */ = {
			isa = PBXGroup;
			children = (
				D05E4A4024EAFB9B000C4368 /* createAccountInteractor.swift */,
			);
			path = Interactor;
			sourceTree = "<group>";
		};
		D05E4A4A24EC432D000C4368 /* Login */ = {
			isa = PBXGroup;
			children = (
				D05E4A4B24EC432D000C4368 /* Presenter */,
				D05E4A4D24EC432D000C4368 /* WireFrame */,
				D05E4A4F24EC432D000C4368 /* View */,
				D05E4A5124EC432D000C4368 /* Protocols */,
				D05E4A5324EC432D000C4368 /* Interactor */,
			);
			path = Login;
			sourceTree = "<group>";
		};
		D05E4A4B24EC432D000C4368 /* Presenter */ = {
			isa = PBXGroup;
			children = (
				D05E4A4C24EC432D000C4368 /* LoginPresenter.swift */,
			);
			path = Presenter;
			sourceTree = "<group>";
		};
		D05E4A4D24EC432D000C4368 /* WireFrame */ = {
			isa = PBXGroup;
			children = (
				D05E4A4E24EC432D000C4368 /* LoginWireFrame.swift */,
			);
			path = WireFrame;
			sourceTree = "<group>";
		};
		D05E4A4F24EC432D000C4368 /* View */ = {
			isa = PBXGroup;
			children = (
				D05E4A5024EC432D000C4368 /* LoginView.swift */,
				D05E4A5A24EC4349000C4368 /* login.storyboard */,
			);
			path = View;
			sourceTree = "<group>";
		};
		D05E4A5124EC432D000C4368 /* Protocols */ = {
			isa = PBXGroup;
			children = (
				D05E4A5224EC432D000C4368 /* LoginProtocols.swift */,
			);
			path = Protocols;
			sourceTree = "<group>";
		};
		D05E4A5324EC432D000C4368 /* Interactor */ = {
			isa = PBXGroup;
			children = (
				D05E4A5424EC432D000C4368 /* LoginInteractor.swift */,
			);
			path = Interactor;
			sourceTree = "<group>";
		};
		D06E4E1C24C9D8CF0059F6E2 = {
			isa = PBXGroup;
			children = (
				D06E4E2724C9D8CF0059F6E2 /* FirstPractice */,
				D06E4E2624C9D8CF0059F6E2 /* Products */,
				62D36F723079406468559B4A /* Pods */,
				05B8C342FF2B43D042A2E651 /* Frameworks */,
			);
			sourceTree = "<group>";
		};
		D06E4E2624C9D8CF0059F6E2 /* Products */ = {
			isa = PBXGroup;
			children = (
				D06E4E2524C9D8CF0059F6E2 /* FirstPractice.app */,
			);
			name = Products;
			sourceTree = "<group>";
		};
		D06E4E2724C9D8CF0059F6E2 /* FirstPractice */ = {
			isa = PBXGroup;
			children = (
				D0C6F73A24ED9BE200CCF84B /* Entity */,
				D0C6F72A24ED7C7C00CCF84B /* countryService */,
				D05E4A4A24EC432D000C4368 /* Login */,
				D05E4A3624EAFB9A000C4368 /* createAccount */,
				D06E4E2824C9D8CF0059F6E2 /* AppDelegate.swift */,
				D0C6F73B24ED9DB900CCF84B /* CountryViewController.swift */,
				D06E4E2A24C9D8CF0059F6E2 /* SceneDelegate.swift */,
				D06E4E3124C9D8D70059F6E2 /* Assets.xcassets */,
				D06E4E3324C9D8D70059F6E2 /* LaunchScreen.storyboard */,
				D06E4E3624C9D8D70059F6E2 /* Info.plist */,
			);
			path = FirstPractice;
			sourceTree = "<group>";
		};
		D06E4E3C24C9DAE40059F6E2 /* Cell */ = {
			isa = PBXGroup;
			children = (
				D06E4E3F24C9DB9B0059F6E2 /* CountryCell.swift */,
				D06E4E4024C9DB9B0059F6E2 /* CountryCell.xib */,
			);
			path = Cell;
			sourceTree = "<group>";
		};
		D0C6F72A24ED7C7C00CCF84B /* countryService */ = {
			isa = PBXGroup;
			children = (
				D0C6F72B24ED7C7C00CCF84B /* Presenter */,
				D0C6F72D24ED7C7C00CCF84B /* WireFrame */,
				D0C6F72F24ED7C7C00CCF84B /* View */,
				D0C6F73124ED7C7C00CCF84B /* Protocols */,
				D0C6F73324ED7C7C00CCF84B /* Interactor */,
			);
			path = countryService;
			sourceTree = "<group>";
		};
		D0C6F72B24ED7C7C00CCF84B /* Presenter */ = {
			isa = PBXGroup;
			children = (
				D0C6F72C24ED7C7C00CCF84B /* countryServicePresenter.swift */,
			);
			path = Presenter;
			sourceTree = "<group>";
		};
		D0C6F72D24ED7C7C00CCF84B /* WireFrame */ = {
			isa = PBXGroup;
			children = (
				D0C6F72E24ED7C7C00CCF84B /* countryServiceWireFrame.swift */,
			);
			path = WireFrame;
			sourceTree = "<group>";
		};
		D0C6F72F24ED7C7C00CCF84B /* View */ = {
			isa = PBXGroup;
			children = (
				D06E4E3C24C9DAE40059F6E2 /* Cell */,
				D06E4E2C24C9D8CF0059F6E2 /* ViewController.swift */,
				D06E4E2E24C9D8CF0059F6E2 /* Main.storyboard */,
			);
			path = View;
			sourceTree = "<group>";
		};
		D0C6F73124ED7C7C00CCF84B /* Protocols */ = {
			isa = PBXGroup;
			children = (
				D0C6F73224ED7C7C00CCF84B /* countryServiceProtocols.swift */,
			);
			path = Protocols;
			sourceTree = "<group>";
		};
		D0C6F73324ED7C7C00CCF84B /* Interactor */ = {
			isa = PBXGroup;
			children = (
				D0C6F73424ED7C7C00CCF84B /* countryServiceInteractor.swift */,
			);
			path = Interactor;
			sourceTree = "<group>";
		};
		D0C6F73A24ED9BE200CCF84B /* Entity */ = {
			isa = PBXGroup;
			children = (
				D05E4A1924EAF6EB000C4368 /* coreDataManager.swift */,
				D05E4A1624EAF5E7000C4368 /* Model.xcdatamodeld */,
				D0C6F73D24EDA0BC00CCF84B /* consumoServicio.swift */,
			);
			path = Entity;
			sourceTree = "<group>";
		};
/* End PBXGroup section */

/* Begin PBXNativeTarget section */
		D06E4E2424C9D8CF0059F6E2 /* FirstPractice */ = {
			isa = PBXNativeTarget;
			buildConfigurationList = D06E4E3924C9D8D70059F6E2 /* Build configuration list for PBXNativeTarget "FirstPractice" */;
			buildPhases = (
				D09555C2ABC3D0BC7FCDE707 /* [CP] Check Pods Manifest.lock */,
				D06E4E2124C9D8CF0059F6E2 /* Sources */,
				D06E4E2224C9D8CF0059F6E2 /* Frameworks */,
				D06E4E2324C9D8CF0059F6E2 /* Resources */,
				48BAF39034DC8BE8C1EA126F /* [CP] Embed Pods Frameworks */,
			);
			buildRules = (
			);
			dependencies = (
			);
			name = FirstPractice;
			productName = FirstPractice;
			productReference = D06E4E2524C9D8CF0059F6E2 /* FirstPractice.app */;
			productType = "com.apple.product-type.application";
		};
/* End PBXNativeTarget section */

/* Begin PBXProject section */
		D06E4E1D24C9D8CF0059F6E2 /* Project object */ = {
			isa = PBXProject;
			attributes = {
				LastSwiftUpdateCheck = 1150;
				LastUpgradeCheck = 1150;
				ORGANIZATIONNAME = "Miguel Eduardo  Valdez Tellez ";
				TargetAttributes = {
					D06E4E2424C9D8CF0059F6E2 = {
						CreatedOnToolsVersion = 11.5;
					};
				};
			};
			buildConfigurationList = D06E4E2024C9D8CF0059F6E2 /* Build configuration list for PBXProject "FirstPractice" */;
			compatibilityVersion = "Xcode 9.3";
			developmentRegion = en;
			hasScannedForEncodings = 0;
			knownRegions = (
				en,
				Base,
			);
			mainGroup = D06E4E1C24C9D8CF0059F6E2;
			productRefGroup = D06E4E2624C9D8CF0059F6E2 /* Products */;
			projectDirPath = "";
			projectRoot = "";
			targets = (
				D06E4E2424C9D8CF0059F6E2 /* FirstPractice */,
			);
		};
/* End PBXProject section */

/* Begin PBXResourcesBuildPhase section */
		D06E4E2324C9D8CF0059F6E2 /* Resources */ = {
			isa = PBXResourcesBuildPhase;
			buildActionMask = 2147483647;
			files = (
				D05E4A5B24EC4349000C4368 /* login.storyboard in Resources */,
				D05E4A4924EAFD71000C4368 /* createAccount.storyboard in Resources */,
				D06E4E4224C9DB9B0059F6E2 /* CountryCell.xib in Resources */,
				D06E4E3524C9D8D70059F6E2 /* LaunchScreen.storyboard in Resources */,
				D06E4E3224C9D8D70059F6E2 /* Assets.xcassets in Resources */,
				D06E4E3024C9D8CF0059F6E2 /* Main.storyboard in Resources */,
			);
			runOnlyForDeploymentPostprocessing = 0;
		};
/* End PBXResourcesBuildPhase section */

/* Begin PBXShellScriptBuildPhase section */
		48BAF39034DC8BE8C1EA126F /* [CP] Embed Pods Frameworks */ = {
			isa = PBXShellScriptBuildPhase;
			buildActionMask = 2147483647;
			files = (
			);
			inputFileListPaths = (
				"${PODS_ROOT}/Target Support Files/Pods-FirstPractice/Pods-FirstPractice-frameworks-${CONFIGURATION}-input-files.xcfilelist",
			);
			name = "[CP] Embed Pods Frameworks";
			outputFileListPaths = (
				"${PODS_ROOT}/Target Support Files/Pods-FirstPractice/Pods-FirstPractice-frameworks-${CONFIGURATION}-output-files.xcfilelist",
			);
			runOnlyForDeploymentPostprocessing = 0;
			shellPath = /bin/sh;
			shellScript = "\"${PODS_ROOT}/Target Support Files/Pods-FirstPractice/Pods-FirstPractice-frameworks.sh\"\n";
			showEnvVarsInLog = 0;
		};
		D09555C2ABC3D0BC7FCDE707 /* [CP] Check Pods Manifest.lock */ = {
			isa = PBXShellScriptBuildPhase;
			buildActionMask = 2147483647;
			files = (
			);
			inputFileListPaths = (
			);
			inputPaths = (
				"${PODS_PODFILE_DIR_PATH}/Podfile.lock",
				"${PODS_ROOT}/Manifest.lock",
			);
			name = "[CP] Check Pods Manifest.lock";
			outputFileListPaths = (
			);
			outputPaths = (
				"$(DERIVED_FILE_DIR)/Pods-FirstPractice-checkManifestLockResult.txt",
			);
			runOnlyForDeploymentPostprocessing = 0;
			shellPath = /bin/sh;
			shellScript = "diff \"${PODS_PODFILE_DIR_PATH}/Podfile.lock\" \"${PODS_ROOT}/Manifest.lock\" > /dev/null\nif [ $? != 0 ] ; then\n    # print error to STDERR\n    echo \"error: The sandbox is not in sync with the Podfile.lock. Run 'pod install' or update your CocoaPods installation.\" >&2\n    exit 1\nfi\n# This output is used by Xcode 'outputs' to avoid re-running this script phase.\necho \"SUCCESS\" > \"${SCRIPT_OUTPUT_FILE_0}\"\n";
			showEnvVarsInLog = 0;
		};
/* End PBXShellScriptBuildPhase section */

/* Begin PBXSourcesBuildPhase section */
		D06E4E2124C9D8CF0059F6E2 /* Sources */ = {
			isa = PBXSourcesBuildPhase;
			buildActionMask = 2147483647;
			files = (
				D05E4A5924EC432D000C4368 /* LoginInteractor.swift in Sources */,
				D05E4A4224EAFB9B000C4368 /* createAccountWireFrame.swift in Sources */,
				D05E4A4124EAFB9B000C4368 /* createAccountPresenter.swift in Sources */,
				D06E4E4124C9DB9B0059F6E2 /* CountryCell.swift in Sources */,
				D0C6F73824ED7C7D00CCF84B /* countryServiceProtocols.swift in Sources */,
				D05E4A5724EC432D000C4368 /* LoginView.swift in Sources */,
				D06E4E2D24C9D8CF0059F6E2 /* ViewController.swift in Sources */,
				D06E4E2924C9D8CF0059F6E2 /* AppDelegate.swift in Sources */,
				D05E4A4324EAFB9B000C4368 /* createAccountView.swift in Sources */,
				D06E4E2B24C9D8CF0059F6E2 /* SceneDelegate.swift in Sources */,
				D0C6F73F24EECBE000CCF84B /* consumoServicio.swift in Sources */,
				D05E4A5524EC432D000C4368 /* LoginPresenter.swift in Sources */,
				D0C6F73624ED7C7D00CCF84B /* countryServiceWireFrame.swift in Sources */,
				D05E4A4524EAFB9B000C4368 /* createAccountInteractor.swift in Sources */,
				D05E4A1824EAF5E7000C4368 /* Model.xcdatamodeld in Sources */,
				D05E4A4424EAFB9B000C4368 /* createAccountProtocols.swift in Sources */,
				D05E4A5824EC432D000C4368 /* LoginProtocols.swift in Sources */,
				D0C6F73524ED7C7D00CCF84B /* countryServicePresenter.swift in Sources */,
				D05E4A5624EC432D000C4368 /* LoginWireFrame.swift in Sources */,
				D0C6F73C24ED9DB900CCF84B /* CountryViewController.swift in Sources */,
				D05E4A1A24EAF6EB000C4368 /* coreDataManager.swift in Sources */,
				D0C6F73924ED7C7D00CCF84B /* countryServiceInteractor.swift in Sources */,
			);
			runOnlyForDeploymentPostprocessing = 0;
		};
/* End PBXSourcesBuildPhase section */

/* Begin PBXVariantGroup section */
		D06E4E2E24C9D8CF0059F6E2 /* Main.storyboard */ = {
			isa = PBXVariantGroup;
			children = (
				D06E4E2F24C9D8CF0059F6E2 /* Base */,
			);
			name = Main.storyboard;
			sourceTree = "<group>";
		};
		D06E4E3324C9D8D70059F6E2 /* LaunchScreen.storyboard */ = {
			isa = PBXVariantGroup;
			children = (
				D06E4E3424C9D8D70059F6E2 /* Base */,
			);
			name = LaunchScreen.storyboard;
			sourceTree = "<group>";
		};
/* End PBXVariantGroup section */

/* Begin XCBuildConfiguration section */
		D06E4E3724C9D8D70059F6E2 /* Debug */ = {
			isa = XCBuildConfiguration;
			buildSettings = {
				ALWAYS_SEARCH_USER_PATHS = NO;
				CLANG_ANALYZER_NONNULL = YES;
				CLANG_ANALYZER_NUMBER_OBJECT_CONVERSION = YES_AGGRESSIVE;
				CLANG_CXX_LANGUAGE_STANDARD = "gnu++14";
				CLANG_CXX_LIBRARY = "libc++";
				CLANG_ENABLE_MODULES = YES;
				CLANG_ENABLE_OBJC_ARC = YES;
				CLANG_ENABLE_OBJC_WEAK = YES;
				CLANG_WARN_BLOCK_CAPTURE_AUTORELEASING = YES;
				CLANG_WARN_BOOL_CONVERSION = YES;
				CLANG_WARN_COMMA = YES;
				CLANG_WARN_CONSTANT_CONVERSION = YES;
				CLANG_WARN_DEPRECATED_OBJC_IMPLEMENTATIONS = YES;
				CLANG_WARN_DIRECT_OBJC_ISA_USAGE = YES_ERROR;
				CLANG_WARN_DOCUMENTATION_COMMENTS = YES;
				CLANG_WARN_EMPTY_BODY = YES;
				CLANG_WARN_ENUM_CONVERSION = YES;
				CLANG_WARN_INFINITE_RECURSION = YES;
				CLANG_WARN_INT_CONVERSION = YES;
				CLANG_WARN_NON_LITERAL_NULL_CONVERSION = YES;
				CLANG_WARN_OBJC_IMPLICIT_RETAIN_SELF = YES;
				CLANG_WARN_OBJC_LITERAL_CONVERSION = YES;
				CLANG_WARN_OBJC_ROOT_CLASS = YES_ERROR;
				CLANG_WARN_RANGE_LOOP_ANALYSIS = YES;
				CLANG_WARN_STRICT_PROTOTYPES = YES;
				CLANG_WARN_SUSPICIOUS_MOVE = YES;
				CLANG_WARN_UNGUARDED_AVAILABILITY = YES_AGGRESSIVE;
				CLANG_WARN_UNREACHABLE_CODE = YES;
				CLANG_WARN__DUPLICATE_METHOD_MATCH = YES;
				COPY_PHASE_STRIP = NO;
				DEBUG_INFORMATION_FORMAT = dwarf;
				ENABLE_STRICT_OBJC_MSGSEND = YES;
				ENABLE_TESTABILITY = YES;
				GCC_C_LANGUAGE_STANDARD = gnu11;
				GCC_DYNAMIC_NO_PIC = NO;
				GCC_NO_COMMON_BLOCKS = YES;
				GCC_OPTIMIZATION_LEVEL = 0;
				GCC_PREPROCESSOR_DEFINITIONS = (
					"DEBUG=1",
					"$(inherited)",
				);
				GCC_WARN_64_TO_32_BIT_CONVERSION = YES;
				GCC_WARN_ABOUT_RETURN_TYPE = YES_ERROR;
				GCC_WARN_UNDECLARED_SELECTOR = YES;
				GCC_WARN_UNINITIALIZED_AUTOS = YES_AGGRESSIVE;
				GCC_WARN_UNUSED_FUNCTION = YES;
				GCC_WARN_UNUSED_VARIABLE = YES;
				IPHONEOS_DEPLOYMENT_TARGET = 13.5;
				MTL_ENABLE_DEBUG_INFO = INCLUDE_SOURCE;
				MTL_FAST_MATH = YES;
				ONLY_ACTIVE_ARCH = YES;
				SDKROOT = iphoneos;
				SWIFT_ACTIVE_COMPILATION_CONDITIONS = DEBUG;
				SWIFT_OPTIMIZATION_LEVEL = "-Onone";
			};
			name = Debug;
		};
		D06E4E3824C9D8D70059F6E2 /* Release */ = {
			isa = XCBuildConfiguration;
			buildSettings = {
				ALWAYS_SEARCH_USER_PATHS = NO;
				CLANG_ANALYZER_NONNULL = YES;
				CLANG_ANALYZER_NUMBER_OBJECT_CONVERSION = YES_AGGRESSIVE;
				CLANG_CXX_LANGUAGE_STANDARD = "gnu++14";
				CLANG_CXX_LIBRARY = "libc++";
				CLANG_ENABLE_MODULES = YES;
				CLANG_ENABLE_OBJC_ARC = YES;
				CLANG_ENABLE_OBJC_WEAK = YES;
				CLANG_WARN_BLOCK_CAPTURE_AUTORELEASING = YES;
				CLANG_WARN_BOOL_CONVERSION = YES;
				CLANG_WARN_COMMA = YES;
				CLANG_WARN_CONSTANT_CONVERSION = YES;
				CLANG_WARN_DEPRECATED_OBJC_IMPLEMENTATIONS = YES;
				CLANG_WARN_DIRECT_OBJC_ISA_USAGE = YES_ERROR;
				CLANG_WARN_DOCUMENTATION_COMMENTS = YES;
				CLANG_WARN_EMPTY_BODY = YES;
				CLANG_WARN_ENUM_CONVERSION = YES;
				CLANG_WARN_INFINITE_RECURSION = YES;
				CLANG_WARN_INT_CONVERSION = YES;
				CLANG_WARN_NON_LITERAL_NULL_CONVERSION = YES;
				CLANG_WARN_OBJC_IMPLICIT_RETAIN_SELF = YES;
				CLANG_WARN_OBJC_LITERAL_CONVERSION = YES;
				CLANG_WARN_OBJC_ROOT_CLASS = YES_ERROR;
				CLANG_WARN_RANGE_LOOP_ANALYSIS = YES;
				CLANG_WARN_STRICT_PROTOTYPES = YES;
				CLANG_WARN_SUSPICIOUS_MOVE = YES;
				CLANG_WARN_UNGUARDED_AVAILABILITY = YES_AGGRESSIVE;
				CLANG_WARN_UNREACHABLE_CODE = YES;
				CLANG_WARN__DUPLICATE_METHOD_MATCH = YES;
				COPY_PHASE_STRIP = NO;
				DEBUG_INFORMATION_FORMAT = "dwarf-with-dsym";
				ENABLE_NS_ASSERTIONS = NO;
				ENABLE_STRICT_OBJC_MSGSEND = YES;
				GCC_C_LANGUAGE_STANDARD = gnu11;
				GCC_NO_COMMON_BLOCKS = YES;
				GCC_WARN_64_TO_32_BIT_CONVERSION = YES;
				GCC_WARN_ABOUT_RETURN_TYPE = YES_ERROR;
				GCC_WARN_UNDECLARED_SELECTOR = YES;
				GCC_WARN_UNINITIALIZED_AUTOS = YES_AGGRESSIVE;
				GCC_WARN_UNUSED_FUNCTION = YES;
				GCC_WARN_UNUSED_VARIABLE = YES;
				IPHONEOS_DEPLOYMENT_TARGET = 13.5;
				MTL_ENABLE_DEBUG_INFO = NO;
				MTL_FAST_MATH = YES;
				SDKROOT = iphoneos;
				SWIFT_COMPILATION_MODE = wholemodule;
				SWIFT_OPTIMIZATION_LEVEL = "-O";
				VALIDATE_PRODUCT = YES;
			};
			name = Release;
		};
		D06E4E3A24C9D8D70059F6E2 /* Debug */ = {
			isa = XCBuildConfiguration;
			baseConfigurationReference = 79743574F1E4DAAC7982AA59 /* Pods-FirstPractice.debug.xcconfig */;
			buildSettings = {
				ASSETCATALOG_COMPILER_APPICON_NAME = AppIcon;
				CODE_SIGN_STYLE = Automatic;
				DEVELOPMENT_TEAM = LDTAC66VP2;
				INFOPLIST_FILE = FirstPractice/Info.plist;
				LD_RUNPATH_SEARCH_PATHS = (
					"$(inherited)",
					"@executable_path/Frameworks",
				);
				PRODUCT_BUNDLE_IDENTIFIER = Linko.FirstPractice;
				PRODUCT_NAME = "$(TARGET_NAME)";
				SWIFT_VERSION = 5.0;
				TARGETED_DEVICE_FAMILY = "1,2";
			};
			name = Debug;
		};
		D06E4E3B24C9D8D70059F6E2 /* Release */ = {
			isa = XCBuildConfiguration;
			baseConfigurationReference = D03F9AF7ED4182B683201E27 /* Pods-FirstPractice.release.xcconfig */;
			buildSettings = {
				ASSETCATALOG_COMPILER_APPICON_NAME = AppIcon;
				CODE_SIGN_STYLE = Automatic;
				DEVELOPMENT_TEAM = LDTAC66VP2;
				INFOPLIST_FILE = FirstPractice/Info.plist;
				LD_RUNPATH_SEARCH_PATHS = (
					"$(inherited)",
					"@executable_path/Frameworks",
				);
				PRODUCT_BUNDLE_IDENTIFIER = Linko.FirstPractice;
				PRODUCT_NAME = "$(TARGET_NAME)";
				SWIFT_VERSION = 5.0;
				TARGETED_DEVICE_FAMILY = "1,2";
			};
			name = Release;
		};
/* End XCBuildConfiguration section */

/* Begin XCConfigurationList section */
		D06E4E2024C9D8CF0059F6E2 /* Build configuration list for PBXProject "FirstPractice" */ = {
			isa = XCConfigurationList;
			buildConfigurations = (
				D06E4E3724C9D8D70059F6E2 /* Debug */,
				D06E4E3824C9D8D70059F6E2 /* Release */,
			);
			defaultConfigurationIsVisible = 0;
			defaultConfigurationName = Release;
		};
		D06E4E3924C9D8D70059F6E2 /* Build configuration list for PBXNativeTarget "FirstPractice" */ = {
			isa = XCConfigurationList;
			buildConfigurations = (
				D06E4E3A24C9D8D70059F6E2 /* Debug */,
				D06E4E3B24C9D8D70059F6E2 /* Release */,
			);
			defaultConfigurationIsVisible = 0;
			defaultConfigurationName = Release;
		};
/* End XCConfigurationList section */

/* Begin XCVersionGroup section */
		D05E4A1624EAF5E7000C4368 /* Model.xcdatamodeld */ = {
			isa = XCVersionGroup;
			children = (
				D05E4A1724EAF5E7000C4368 /* Model.xcdatamodel */,
			);
			currentVersion = D05E4A1724EAF5E7000C4368 /* Model.xcdatamodel */;
			path = Model.xcdatamodeld;
			sourceTree = "<group>";
			versionGroupType = wrapper.xcdatamodel;
		};
/* End XCVersionGroup section */
	};
	rootObject = D06E4E1D24C9D8CF0059F6E2 /* Project object */;
}
